
Microsoft Visual Studio Solution File, Format Version 12.00
# Visual Studio 2013
VisualStudioVersion = 12.0.31101.0
MinimumVisualStudioVersion = 10.0.40219.1
Project("{FAE04EC0-301F-11D3-BF4B-00C04F79EFBC}") = "02VariationsWithoutRepetition", "02VariationsWithoutRepetition\02VariationsWithoutRepetition.csproj", "{BB1D8313-4AD7-43E1-82A9-72EB202EAAC3}"
EndProject
Project("{FAE04EC0-301F-11D3-BF4B-00C04F79EFBC}") = "03CombinationsWithRepetition", "03CombinationsWithRepetition\03CombinationsWithRepetition.csproj", "{BFB67F9E-F474-4056-97D5-51A74C202110}"
EndProject
Project("{FAE04EC0-301F-11D3-BF4B-00C04F79EFBC}") = "04CombinationsWithoutRepetition", "04CombinationsWithoutRepetition\04CombinationsWithoutRepetition.csproj", "{CACF31FE-8BA9-4D38-9CAE-4BB230CCE348}"
EndProject
Project("{FAE04EC0-301F-11D3-BF4B-00C04F79EFBC}") = "01GenerateVariationsWithRepetition", "01GenerateVariationsWithRepetitions\01GenerateVariationsWithRepetition.csproj", "{B4F7CB76-A395-4E47-8B86-B553A7DD1E96}"
EndProject
Global
	GlobalSection(SolutionConfigurationPlatforms) = preSolution
		Debug|Any CPU = Debug|Any CPU
		Release|Any CPU = Release|Any CPU
	EndGlobalSection
	GlobalSection(ProjectConfigurationPlatforms) = postSolution
		{BB1D8313-4AD7-43E1-82A9-72EB202EAAC3}.Debug|Any CPU.ActiveCfg = Debug|Any CPU
		{BB1D8313-4AD7-43E1-82A9-72EB202EAAC3}.Debug|Any CPU.Build.0 = Debug|Any CPU
		{BB1D8313-4AD7-43E1-82A9-72EB202EAAC3}.Release|Any CPU.ActiveCfg = Release|Any CPU
		{BB1D8313-4AD7-43E1-82A9-72EB202EAAC3}.Release|Any CPU.Build.0 = Release|Any CPU
		{BFB67F9E-F474-4056-97D5-51A74C202110}.Debug|Any CPU.ActiveCfg = Debug|Any CPU
		{BFB67F9E-F474-4056-97D5-51A74C202110}.Debug|Any CPU.Build.0 = Debug|Any CPU
		{BFB67F9E-F474-4056-97D5-51A74C202110}.Release|Any CPU.ActiveCfg = Release|Any CPU
		{BFB67F9E-F474-4056-97D5-51A74C202110}.Release|Any CPU.Build.0 = Release|Any CPU
		{CACF31FE-8BA9-4D38-9CAE-4BB230CCE348}.Debug|Any CPU.ActiveCfg = Debug|Any CPU
		{CACF31FE-8BA9-4D38-9CAE-4BB230CCE348}.Debug|Any CPU.Build.0 = Debug|Any CPU
		{CACF31FE-8BA9-4D38-9CAE-4BB230CCE348}.Release|Any CPU.ActiveCfg = Release|Any CPU
		{CACF31FE-8BA9-4D38-9CAE-4BB230CCE348}.Release|Any CPU.Build.0 = Release|Any CPU
		{B4F7CB76-A395-4E47-8B86-B553A7DD1E96}.Debug|Any CPU.ActiveCfg = Debug|Any CPU
		{B4F7CB76-A395-4E47-8B86-B553A7DD1E96}.Debug|Any CPU.Build.0 = Debug|Any CPU
		{B4F7CB76-A395-4E47-8B86-B553A7DD1E96}.Release|Any CPU.ActiveCfg = Release|Any CPU
		{B4F7CB76-A395-4E47-8B86-B553A7DD1E96}.Release|Any CPU.Build.0 = Release|Any CPU
	EndGlobalSection
	GlobalSection(SolutionProperties) = preSolution
		HideSolutionNode = FALSE
	EndGlobalSection
EndGlobal
