
Microsoft Visual Studio Solution File, Format Version 12.00
# Visual Studio 2013
VisualStudioVersion = 12.0.31101.0
MinimumVisualStudioVersion = 10.0.40219.1
Project("{FAE04EC0-301F-11D3-BF4B-00C04F79EFBC}") = "01EightQueens", "01Recursion\01EightQueens.csproj", "{783ED65E-7BA7-4911-A62A-7BF5B49F053B}"
EndProject
Global
	GlobalSection(SolutionConfigurationPlatforms) = preSolution
		Debug|Any CPU = Debug|Any CPU
		Release|Any CPU = Release|Any CPU
	EndGlobalSection
	GlobalSection(ProjectConfigurationPlatforms) = postSolution
		{783ED65E-7BA7-4911-A62A-7BF5B49F053B}.Debug|Any CPU.ActiveCfg = Debug|Any CPU
		{783ED65E-7BA7-4911-A62A-7BF5B49F053B}.Debug|Any CPU.Build.0 = Debug|Any CPU
		{783ED65E-7BA7-4911-A62A-7BF5B49F053B}.Release|Any CPU.ActiveCfg = Release|Any CPU
		{783ED65E-7BA7-4911-A62A-7BF5B49F053B}.Release|Any CPU.Build.0 = Release|Any CPU
	EndGlobalSection
	GlobalSection(SolutionProperties) = preSolution
		HideSolutionNode = FALSE
	EndGlobalSection
EndGlobal
