
Microsoft Visual Studio Solution File, Format Version 12.00
# Visual Studio 2013
VisualStudioVersion = 12.0.31101.0
MinimumVisualStudioVersion = 10.0.40219.1
Project("{FAE04EC0-301F-11D3-BF4B-00C04F79EFBC}") = "01StructureOfAnRPGGame", "01StructureOfAnRPGGame\01StructureOfAnRPGGame.csproj", "{F7B954ED-3B6E-4471-8F13-2E5C223B342C}"
EndProject
Global
	GlobalSection(SolutionConfigurationPlatforms) = preSolution
		Debug|Any CPU = Debug|Any CPU
		Release|Any CPU = Release|Any CPU
	EndGlobalSection
	GlobalSection(ProjectConfigurationPlatforms) = postSolution
		{F7B954ED-3B6E-4471-8F13-2E5C223B342C}.Debug|Any CPU.ActiveCfg = Debug|Any CPU
		{F7B954ED-3B6E-4471-8F13-2E5C223B342C}.Debug|Any CPU.Build.0 = Debug|Any CPU
		{F7B954ED-3B6E-4471-8F13-2E5C223B342C}.Release|Any CPU.ActiveCfg = Release|Any CPU
		{F7B954ED-3B6E-4471-8F13-2E5C223B342C}.Release|Any CPU.Build.0 = Release|Any CPU
	EndGlobalSection
	GlobalSection(SolutionProperties) = preSolution
		HideSolutionNode = FALSE
	EndGlobalSection
EndGlobal
