
Microsoft Visual Studio Solution File, Format Version 12.00
# Visual Studio 2013
VisualStudioVersion = 12.0.31101.0
MinimumVisualStudioVersion = 10.0.40219.1
Project("{FAE04EC0-301F-11D3-BF4B-00C04F79EFBC}") = "01Predicates", "01Predicates\01Predicates.csproj", "{BF424FDE-30CA-4DFE-A298-43272AB21600}"
EndProject
Project("{FAE04EC0-301F-11D3-BF4B-00C04F79EFBC}") = "02Func", "02Func\02Func.csproj", "{329D0BD4-8CDE-491F-B31F-8E14FEEBC410}"
EndProject
Project("{FAE04EC0-301F-11D3-BF4B-00C04F79EFBC}") = "03Action", "03Action\03Action.csproj", "{61B59639-E8E4-4723-8C0A-56BB4CA57455}"
EndProject
Global
	GlobalSection(SolutionConfigurationPlatforms) = preSolution
		Debug|Any CPU = Debug|Any CPU
		Release|Any CPU = Release|Any CPU
	EndGlobalSection
	GlobalSection(ProjectConfigurationPlatforms) = postSolution
		{BF424FDE-30CA-4DFE-A298-43272AB21600}.Debug|Any CPU.ActiveCfg = Debug|Any CPU
		{BF424FDE-30CA-4DFE-A298-43272AB21600}.Debug|Any CPU.Build.0 = Debug|Any CPU
		{BF424FDE-30CA-4DFE-A298-43272AB21600}.Release|Any CPU.ActiveCfg = Release|Any CPU
		{BF424FDE-30CA-4DFE-A298-43272AB21600}.Release|Any CPU.Build.0 = Release|Any CPU
		{329D0BD4-8CDE-491F-B31F-8E14FEEBC410}.Debug|Any CPU.ActiveCfg = Debug|Any CPU
		{329D0BD4-8CDE-491F-B31F-8E14FEEBC410}.Debug|Any CPU.Build.0 = Debug|Any CPU
		{329D0BD4-8CDE-491F-B31F-8E14FEEBC410}.Release|Any CPU.ActiveCfg = Release|Any CPU
		{329D0BD4-8CDE-491F-B31F-8E14FEEBC410}.Release|Any CPU.Build.0 = Release|Any CPU
		{61B59639-E8E4-4723-8C0A-56BB4CA57455}.Debug|Any CPU.ActiveCfg = Debug|Any CPU
		{61B59639-E8E4-4723-8C0A-56BB4CA57455}.Debug|Any CPU.Build.0 = Debug|Any CPU
		{61B59639-E8E4-4723-8C0A-56BB4CA57455}.Release|Any CPU.ActiveCfg = Release|Any CPU
		{61B59639-E8E4-4723-8C0A-56BB4CA57455}.Release|Any CPU.Build.0 = Release|Any CPU
	EndGlobalSection
	GlobalSection(SolutionProperties) = preSolution
		HideSolutionNode = FALSE
	EndGlobalSection
EndGlobal
